
Microsoft Visual Studio Solution File, Format Version 12.00
# Visual Studio Version 16
VisualStudioVersion = 16.0.30717.126
MinimumVisualStudioVersion = 10.0.40219.1
Project("{9A19103F-16F7-4668-BE54-9A1E7A4F7556}") = "Game.Server", "Game\Server\Game.Server.csproj", "{2916AA7A-233F-42AB-885E-A0CCD6BB9321}"
EndProject
Project("{9A19103F-16F7-4668-BE54-9A1E7A4F7556}") = "Game.Client", "Game\Client\Game.Client.csproj", "{4F01B183-7392-4AA9-B354-B75EB13A6CDB}"
EndProject
Project("{9A19103F-16F7-4668-BE54-9A1E7A4F7556}") = "Game.Shared", "Game\Shared\Game.Shared.csproj", "{ABC6F524-3F9B-4CF4-B06C-EE5637B63BE2}"
EndProject
Project("{2150E333-8FDC-42A3-9474-1A3956D46DE8}") = "BackEnd", "BackEnd", "{15DEA3DC-D6FA-4A9F-B77E-C701972C0A84}"
EndProject
Project("{9A19103F-16F7-4668-BE54-9A1E7A4F7556}") = "Services", "BackEnd.Services\Services.csproj", "{EA4A4880-1551-4830-873A-7AB9CA2A7EA4}"
EndProject
Project("{9A19103F-16F7-4668-BE54-9A1E7A4F7556}") = "Repositories", "Repositories\Repositories.csproj", "{7C67C3F8-B87D-4186-876C-FC5441FF548C}"
EndProject
Project("{9A19103F-16F7-4668-BE54-9A1E7A4F7556}") = "Models", "Models\Models.csproj", "{7FE3464F-B503-4D96-A991-D0468DC63E60}"
EndProject
Project("{9A19103F-16F7-4668-BE54-9A1E7A4F7556}") = "Infrastructure", "Infrastructure\Infrastructure.csproj", "{6D348207-B37B-4E12-983B-4961ECF6E3BB}"
EndProject
Project("{FAE04EC0-301F-11D3-BF4B-00C04F79EFBC}") = "UnitTests", "UnitTests\UnitTests.csproj", "{D4313832-2B93-48E3-B190-3061F50F39CD}"
EndProject
Global
	GlobalSection(SolutionConfigurationPlatforms) = preSolution
		Debug|Any CPU = Debug|Any CPU
		Release|Any CPU = Release|Any CPU
	EndGlobalSection
	GlobalSection(ProjectConfigurationPlatforms) = postSolution
		{2916AA7A-233F-42AB-885E-A0CCD6BB9321}.Debug|Any CPU.ActiveCfg = Debug|Any CPU
		{2916AA7A-233F-42AB-885E-A0CCD6BB9321}.Debug|Any CPU.Build.0 = Debug|Any CPU
		{2916AA7A-233F-42AB-885E-A0CCD6BB9321}.Release|Any CPU.ActiveCfg = Release|Any CPU
		{2916AA7A-233F-42AB-885E-A0CCD6BB9321}.Release|Any CPU.Build.0 = Release|Any CPU
		{4F01B183-7392-4AA9-B354-B75EB13A6CDB}.Debug|Any CPU.ActiveCfg = Debug|Any CPU
		{4F01B183-7392-4AA9-B354-B75EB13A6CDB}.Debug|Any CPU.Build.0 = Debug|Any CPU
		{4F01B183-7392-4AA9-B354-B75EB13A6CDB}.Release|Any CPU.ActiveCfg = Release|Any CPU
		{4F01B183-7392-4AA9-B354-B75EB13A6CDB}.Release|Any CPU.Build.0 = Release|Any CPU
		{ABC6F524-3F9B-4CF4-B06C-EE5637B63BE2}.Debug|Any CPU.ActiveCfg = Debug|Any CPU
		{ABC6F524-3F9B-4CF4-B06C-EE5637B63BE2}.Debug|Any CPU.Build.0 = Debug|Any CPU
		{ABC6F524-3F9B-4CF4-B06C-EE5637B63BE2}.Release|Any CPU.ActiveCfg = Release|Any CPU
		{ABC6F524-3F9B-4CF4-B06C-EE5637B63BE2}.Release|Any CPU.Build.0 = Release|Any CPU
		{EA4A4880-1551-4830-873A-7AB9CA2A7EA4}.Debug|Any CPU.ActiveCfg = Debug|Any CPU
		{EA4A4880-1551-4830-873A-7AB9CA2A7EA4}.Debug|Any CPU.Build.0 = Debug|Any CPU
		{EA4A4880-1551-4830-873A-7AB9CA2A7EA4}.Release|Any CPU.ActiveCfg = Release|Any CPU
		{EA4A4880-1551-4830-873A-7AB9CA2A7EA4}.Release|Any CPU.Build.0 = Release|Any CPU
		{7C67C3F8-B87D-4186-876C-FC5441FF548C}.Debug|Any CPU.ActiveCfg = Debug|Any CPU
		{7C67C3F8-B87D-4186-876C-FC5441FF548C}.Debug|Any CPU.Build.0 = Debug|Any CPU
		{7C67C3F8-B87D-4186-876C-FC5441FF548C}.Release|Any CPU.ActiveCfg = Release|Any CPU
		{7C67C3F8-B87D-4186-876C-FC5441FF548C}.Release|Any CPU.Build.0 = Release|Any CPU
		{7FE3464F-B503-4D96-A991-D0468DC63E60}.Debug|Any CPU.ActiveCfg = Debug|Any CPU
		{7FE3464F-B503-4D96-A991-D0468DC63E60}.Debug|Any CPU.Build.0 = Debug|Any CPU
		{7FE3464F-B503-4D96-A991-D0468DC63E60}.Release|Any CPU.ActiveCfg = Release|Any CPU
		{7FE3464F-B503-4D96-A991-D0468DC63E60}.Release|Any CPU.Build.0 = Release|Any CPU
		{6D348207-B37B-4E12-983B-4961ECF6E3BB}.Debug|Any CPU.ActiveCfg = Debug|Any CPU
		{6D348207-B37B-4E12-983B-4961ECF6E3BB}.Debug|Any CPU.Build.0 = Debug|Any CPU
		{6D348207-B37B-4E12-983B-4961ECF6E3BB}.Release|Any CPU.ActiveCfg = Release|Any CPU
		{6D348207-B37B-4E12-983B-4961ECF6E3BB}.Release|Any CPU.Build.0 = Release|Any CPU
		{D4313832-2B93-48E3-B190-3061F50F39CD}.Debug|Any CPU.ActiveCfg = Debug|Any CPU
		{D4313832-2B93-48E3-B190-3061F50F39CD}.Debug|Any CPU.Build.0 = Debug|Any CPU
		{D4313832-2B93-48E3-B190-3061F50F39CD}.Release|Any CPU.ActiveCfg = Release|Any CPU
		{D4313832-2B93-48E3-B190-3061F50F39CD}.Release|Any CPU.Build.0 = Release|Any CPU
	EndGlobalSection
	GlobalSection(SolutionProperties) = preSolution
		HideSolutionNode = FALSE
	EndGlobalSection
	GlobalSection(NestedProjects) = preSolution
		{2916AA7A-233F-42AB-885E-A0CCD6BB9321} = {15DEA3DC-D6FA-4A9F-B77E-C701972C0A84}
		{EA4A4880-1551-4830-873A-7AB9CA2A7EA4} = {15DEA3DC-D6FA-4A9F-B77E-C701972C0A84}
		{7C67C3F8-B87D-4186-876C-FC5441FF548C} = {15DEA3DC-D6FA-4A9F-B77E-C701972C0A84}
		{7FE3464F-B503-4D96-A991-D0468DC63E60} = {15DEA3DC-D6FA-4A9F-B77E-C701972C0A84}
		{6D348207-B37B-4E12-983B-4961ECF6E3BB} = {15DEA3DC-D6FA-4A9F-B77E-C701972C0A84}
	EndGlobalSection
	GlobalSection(ExtensibilityGlobals) = postSolution
		SolutionGuid = {48A9B61D-6C77-4F03-81FD-59B27A631CD2}
	EndGlobalSection
EndGlobal
